
Microsoft Visual Studio Solution File, Format Version 12.00
# Visual Studio Version 16
VisualStudioVersion = 16.0.29509.3
MinimumVisualStudioVersion = 10.0.40219.1
Project("{FAE04EC0-301F-11D3-BF4B-00C04F79EFBC}") = "TextImageGenerator", "TextImageGenerator\TextImageGenerator.csproj", "{0F93294E-294D-4990-83CA-27D455F67F55}"
EndProject
Global
	GlobalSection(SolutionConfigurationPlatforms) = preSolution
		Debug|Any CPU = Debug|Any CPU
		Release|Any CPU = Release|Any CPU
	EndGlobalSection
	GlobalSection(ProjectConfigurationPlatforms) = postSolution
		{0F93294E-294D-4990-83CA-27D455F67F55}.Debug|Any CPU.ActiveCfg = Debug|Any CPU
		{0F93294E-294D-4990-83CA-27D455F67F55}.Debug|Any CPU.Build.0 = Debug|Any CPU
		{0F93294E-294D-4990-83CA-27D455F67F55}.Release|Any CPU.ActiveCfg = Release|Any CPU
		{0F93294E-294D-4990-83CA-27D455F67F55}.Release|Any CPU.Build.0 = Release|Any CPU
	EndGlobalSection
	GlobalSection(SolutionProperties) = preSolution
		HideSolutionNode = FALSE
	EndGlobalSection
	GlobalSection(ExtensibilityGlobals) = postSolution
		SolutionGuid = {F332F7A3-A52E-4772-8009-74127749D7B5}
	EndGlobalSection
EndGlobal
